# THIS IS AN AUTOGENERATED FILE. DO NOT EDIT THIS FILE DIRECTLY.
# yarn lockfile v1


commander@*:
  version "2.19.0"
  resolved "http://registry.npm.taobao.org/commander/download/commander-2.19.0.tgz#f6198aa84e5b83c46054b94ddedbfed5ee9ff12a"
  integrity sha1-9hmKqE5bg8RgVLlN3tv+1e6f8So=

mockjs@^1.0.1-beta3:
  version "1.0.1-beta3"
  resolved "http://registry.npm.taobao.org/mockjs/download/mockjs-1.0.1-beta3.tgz#d234f3c27256397564f2c955142e891909537209"
  integrity sha1-0jTzwnJWOXVk8slVFC6JGQlTcgk=
  dependencies:
    commander "*"

zlib@^1.0.5:
  version "1.0.5"
  resolved "http://registry.npm.taobao.org/zlib/download/zlib-1.0.5.tgz#6e7c972fc371c645a6afb03ab14769def114fcc0"
  integrity sha1-bnyXL8NxxkWmr7A6sUdp3vEU/MA=
